
Microsoft Visual Studio Solution File, Format Version 12.00
# Visual Studio Version 16
VisualStudioVersion = 16.0.28803.156
MinimumVisualStudioVersion = 10.0.40219.1
Project("{888888A0-9F3D-457C-B088-3A5042F75D52}") = "Discord Bot TEST", "Discord Bot TEST\Discord Bot TEST.pyproj", "{EBB91656-627B-49D6-866E-5FAD5A5E3846}"
EndProject
Global
	GlobalSection(SolutionConfigurationPlatforms) = preSolution
		Debug|Any CPU = Debug|Any CPU
		Release|Any CPU = Release|Any CPU
	EndGlobalSection
	GlobalSection(ProjectConfigurationPlatforms) = postSolution
		{EBB91656-627B-49D6-866E-5FAD5A5E3846}.Debug|Any CPU.ActiveCfg = Debug|Any CPU
		{EBB91656-627B-49D6-866E-5FAD5A5E3846}.Release|Any CPU.ActiveCfg = Release|Any CPU
	EndGlobalSection
	GlobalSection(SolutionProperties) = preSolution
		HideSolutionNode = FALSE
	EndGlobalSection
	GlobalSection(ExtensibilityGlobals) = postSolution
		SolutionGuid = {1E453948-CE21-4678-B7DA-D52E9C9BF4AB}
	EndGlobalSection
EndGlobal
